
Microsoft Visual Studio Solution File, Format Version 12.00
# Visual Studio Version 17
VisualStudioVersion = 17.2.32526.322
MinimumVisualStudioVersion = 10.0.40219.1
Project("{9A19103F-16F7-4668-BE54-9A1E7A4F7556}") = "StudentRegistration.DataAccess", "StudentRegistration.DataAccess.csproj", "{F2A2E1BD-9245-479E-AD62-EE487EDDA6C2}"
EndProject
Global
	GlobalSection(SolutionConfigurationPlatforms) = preSolution
		Debug|Any CPU = Debug|Any CPU
		Release|Any CPU = Release|Any CPU
	EndGlobalSection
	GlobalSection(ProjectConfigurationPlatforms) = postSolution
		{F2A2E1BD-9245-479E-AD62-EE487EDDA6C2}.Debug|Any CPU.ActiveCfg = Debug|Any CPU
		{F2A2E1BD-9245-479E-AD62-EE487EDDA6C2}.Debug|Any CPU.Build.0 = Debug|Any CPU
		{F2A2E1BD-9245-479E-AD62-EE487EDDA6C2}.Release|Any CPU.ActiveCfg = Release|Any CPU
		{F2A2E1BD-9245-479E-AD62-EE487EDDA6C2}.Release|Any CPU.Build.0 = Release|Any CPU
	EndGlobalSection
	GlobalSection(SolutionProperties) = preSolution
		HideSolutionNode = FALSE
	EndGlobalSection
	GlobalSection(ExtensibilityGlobals) = postSolution
		SolutionGuid = {EB62AAF5-7A4B-4DE4-9B8F-3B8434294252}
	EndGlobalSection
EndGlobal
